
Microsoft Visual Studio Solution File, Format Version 12.00
# Visual Studio Version 17
VisualStudioVersion = 17.14.36414.22 d17.14
MinimumVisualStudioVersion = 10.0.40219.1
Project("{FAE04EC0-301F-11D3-BF4B-00C04F79EFBC}") = "PryAgorioTrabajoAgendaContactos", "PryAgorioTrabajoAgendaContactos\PryAgorioTrabajoAgendaContactos.csproj", "{6571FE52-260D-4336-AA70-034EA3E762F3}"
EndProject
Global
	GlobalSection(SolutionConfigurationPlatforms) = preSolution
		Debug|Any CPU = Debug|Any CPU
		Release|Any CPU = Release|Any CPU
	EndGlobalSection
	GlobalSection(ProjectConfigurationPlatforms) = postSolution
		{6571FE52-260D-4336-AA70-034EA3E762F3}.Debug|Any CPU.ActiveCfg = Debug|Any CPU
		{6571FE52-260D-4336-AA70-034EA3E762F3}.Debug|Any CPU.Build.0 = Debug|Any CPU
		{6571FE52-260D-4336-AA70-034EA3E762F3}.Release|Any CPU.ActiveCfg = Release|Any CPU
		{6571FE52-260D-4336-AA70-034EA3E762F3}.Release|Any CPU.Build.0 = Release|Any CPU
	EndGlobalSection
	GlobalSection(SolutionProperties) = preSolution
		HideSolutionNode = FALSE
	EndGlobalSection
	GlobalSection(ExtensibilityGlobals) = postSolution
		SolutionGuid = {0B87BDC6-F285-4211-8ADF-16B23BE64C59}
	EndGlobalSection
EndGlobal
